// !$*UTF8*$!
{
	archiveVersion = 1;
	classes = {
	};
	objectVersion = 51;
	objects = {

/* Begin PBXBuildFile section */
		135196BCEE03A3C4BBFD18FD /* Pods_Test_Project.framework in Frameworks */ = {isa = PBXBuildFile; fileRef = 966092BB700130671FE77309 /* Pods_Test_Project.framework */; };
		6109CE86264F68720068681A /* AppDelegate.swift in Sources */ = {isa = PBXBuildFile; fileRef = 6109CE85264F68720068681A /* AppDelegate.swift */; };
		6109CE88264F68720068681A /* SceneDelegate.swift in Sources */ = {isa = PBXBuildFile; fileRef = 6109CE87264F68720068681A /* SceneDelegate.swift */; };
		6109CE8A264F68720068681A /* ViewController.swift in Sources */ = {isa = PBXBuildFile; fileRef = 6109CE89264F68720068681A /* ViewController.swift */; };
		6109CE8D264F68720068681A /* Main.storyboard in Resources */ = {isa = PBXBuildFile; fileRef = 6109CE8B264F68720068681A /* Main.storyboard */; };
		6109CE8F264F68730068681A /* Assets.xcassets in Resources */ = {isa = PBXBuildFile; fileRef = 6109CE8E264F68730068681A /* Assets.xcassets */; };
		6109CE92264F68730068681A /* LaunchScreen.storyboard in Resources */ = {isa = PBXBuildFile; fileRef = 6109CE90264F68730068681A /* LaunchScreen.storyboard */; };
/* End PBXBuildFile section */

/* Begin PBXFileReference section */
		6109CE82264F68720068681A /* Test Project.app */ = {isa = PBXFileReference; explicitFileType = wrapper.application; includeInIndex = 0; path = "Test Project.app"; sourceTree = BUILT_PRODUCTS_DIR; };
		6109CE85264F68720068681A /* AppDelegate.swift */ = {isa = PBXFileReference; lastKnownFileType = sourcecode.swift; path = AppDelegate.swift; sourceTree = "<group>"; };
		6109CE87264F68720068681A /* SceneDelegate.swift */ = {isa = PBXFileReference; lastKnownFileType = sourcecode.swift; path = SceneDelegate.swift; sourceTree = "<group>"; };
		6109CE89264F68720068681A /* ViewController.swift */ = {isa = PBXFileReference; lastKnownFileType = sourcecode.swift; path = ViewController.swift; sourceTree = "<group>"; };
		6109CE8C264F68720068681A /* Base */ = {isa = PBXFileReference; lastKnownFileType = file.storyboard; name = Base; path = Base.lproj/Main.storyboard; sourceTree = "<group>"; };
		6109CE8E264F68730068681A /* Assets.xcassets */ = {isa = PBXFileReference; lastKnownFileType = folder.assetcatalog; path = Assets.xcassets; sourceTree = "<group>"; };
		6109CE91264F68730068681A /* Base */ = {isa = PBXFileReference; lastKnownFileType = file.storyboard; name = Base; path = Base.lproj/LaunchScreen.storyboard; sourceTree = "<group>"; };
		6109CE93264F68730068681A /* Info.plist */ = {isa = PBXFileReference; lastKnownFileType = text.plist.xml; path = Info.plist; sourceTree = "<group>"; };
		966092BB700130671FE77309 /* Pods_Test_Project.framework */ = {isa = PBXFileReference; explicitFileType = wrapper.framework; includeInIndex = 0; path = Pods_Test_Project.framework; sourceTree = BUILT_PRODUCTS_DIR; };
		A83884AF305EA1F73CDB69AB /* Pods-Test Project.debug.xcconfig */ = {isa = PBXFileReference; includeInIndex = 1; lastKnownFileType = text.xcconfig; name = "Pods-Test Project.debug.xcconfig"; path = "Target Support Files/Pods-Test Project/Pods-Test Project.debug.xcconfig"; sourceTree = "<group>"; };
		E5F3D3CDF3D6ED1D78564BB9 /* Pods-Test Project.release.xcconfig */ = {isa = PBXFileReference; includeInIndex = 1; lastKnownFileType = text.xcconfig; name = "Pods-Test Project.release.xcconfig"; path = "Target Support Files/Pods-Test Project/Pods-Test Project.release.xcconfig"; sourceTree = "<group>"; };
/* End PBXFileReference section */

/* Begin PBXFrameworksBuildPhase section */
		6109CE7F264F68720068681A /* Frameworks */ = {
			isa = PBXFrameworksBuildPhase;
			buildActionMask = 2147483647;
			files = (
				135196BCEE03A3C4BBFD18FD /* Pods_Test_Project.framework in Frameworks */,
			);
			runOnlyForDeploymentPostprocessing = 0;
		};
/* End PBXFrameworksBuildPhase section */

/* Begin PBXGroup section */
		6109CE79264F68720068681A = {
			isa = PBXGroup;
			children = (
				6109CE84264F68720068681A /* Test Project */,
				6109CE83264F68720068681A /* Products */,
				90100923795FF7B6E7610989 /* Pods */,
				FB1AAFCAD11CA89EC81F80C3 /* Frameworks */,
			);
			sourceTree = "<group>";
		};
		6109CE83264F68720068681A /* Products */ = {
			isa = PBXGroup;
			children = (
				6109CE82264F68720068681A /* Test Project.app */,
			);
			name = Products;
			sourceTree = "<group>";
		};
		6109CE84264F68720068681A /* Test Project */ = {
			isa = PBXGroup;
			children = (
				6109CE85264F68720068681A /* AppDelegate.swift */,
				6109CE87264F68720068681A /* SceneDelegate.swift */,
				6109CE89264F68720068681A /* ViewController.swift */,
				6109CE8B264F68720068681A /* Main.storyboard */,
				6109CE8E264F68730068681A /* Assets.xcassets */,
				6109CE90264F68730068681A /* LaunchScreen.storyboard */,
				6109CE93264F68730068681A /* Info.plist */,
			);
			path = "Test Project";
			sourceTree = "<group>";
		};
		90100923795FF7B6E7610989 /* Pods */ = {
			isa = PBXGroup;
			children = (
				A83884AF305EA1F73CDB69AB /* Pods-Test Project.debug.xcconfig */,
				E5F3D3CDF3D6ED1D78564BB9 /* Pods-Test Project.release.xcconfig */,
			);
			path = Pods;
			sourceTree = "<group>";
		};
		FB1AAFCAD11CA89EC81F80C3 /* Frameworks */ = {
			isa = PBXGroup;
			children = (
				966092BB700130671FE77309 /* Pods_Test_Project.framework */,
			);
			name = Frameworks;
			sourceTree = "<group>";
		};
/* End PBXGroup section */

/* Begin PBXNativeTarget section */
		6109CE81264F68720068681A /* Test Project */ = {
			isa = PBXNativeTarget;
			buildConfigurationList = 6109CE96264F68730068681A /* Build configuration list for PBXNativeTarget "Test Project" */;
			buildPhases = (
				D6C0F60F3BC69B9CFE1BB6A9 /* [CP] Check Pods Manifest.lock */,
				6109CE7E264F68720068681A /* Sources */,
				6109CE7F264F68720068681A /* Frameworks */,
				6109CE80264F68720068681A /* Resources */,
				29815C398471A50BBC49B776 /* [CP] Embed Pods Frameworks */,
			);
			buildRules = (
			);
			dependencies = (
			);
			name = "Test Project";
			productName = "Test Project";
			productReference = 6109CE82264F68720068681A /* Test Project.app */;
			productType = "com.apple.product-type.application";
		};
/* End PBXNativeTarget section */

/* Begin PBXProject section */
		6109CE7A264F68720068681A /* Project object */ = {
			isa = PBXProject;
			attributes = {
				LastSwiftUpdateCheck = 1250;
				LastUpgradeCheck = 1250;
				TargetAttributes = {
					6109CE81264F68720068681A = {
						CreatedOnToolsVersion = 12.5;
					};
				};
			};
			buildConfigurationList = 6109CE7D264F68720068681A /* Build configuration list for PBXProject "Test Project" */;
			compatibilityVersion = "Xcode 9.3";
			developmentRegion = en;
			hasScannedForEncodings = 0;
			knownRegions = (
				en,
				Base,
			);
			mainGroup = 6109CE79264F68720068681A;
			productRefGroup = 6109CE83264F68720068681A /* Products */;
			projectDirPath = "";
			projectRoot = "";
			targets = (
				6109CE81264F68720068681A /* Test Project */,
			);
		};
/* End PBXProject section */

/* Begin PBXResourcesBuildPhase section */
		6109CE80264F68720068681A /* Resources */ = {
			isa = PBXResourcesBuildPhase;
			buildActionMask = 2147483647;
			files = (
				6109CE92264F68730068681A /* LaunchScreen.storyboard in Resources */,
				6109CE8F264F68730068681A /* Assets.xcassets in Resources */,
				6109CE8D264F68720068681A /* Main.storyboard in Resources */,
			);
			runOnlyForDeploymentPostprocessing = 0;
		};
/* End PBXResourcesBuildPhase section */

/* Begin PBXShellScriptBuildPhase section */
		29815C398471A50BBC49B776 /* [CP] Embed Pods Frameworks */ = {
			isa = PBXShellScriptBuildPhase;
			buildActionMask = 2147483647;
			files = (
			);
			inputFileListPaths = (
				"${PODS_ROOT}/Target Support Files/Pods-Test Project/Pods-Test Project-frameworks-${CONFIGURATION}-input-files.xcfilelist",
			);
			name = "[CP] Embed Pods Frameworks";
			outputFileListPaths = (
				"${PODS_ROOT}/Target Support Files/Pods-Test Project/Pods-Test Project-frameworks-${CONFIGURATION}-output-files.xcfilelist",
			);
			runOnlyForDeploymentPostprocessing = 0;
			shellPath = /bin/sh;
			shellScript = "\"${PODS_ROOT}/Target Support Files/Pods-Test Project/Pods-Test Project-frameworks.sh\"\n";
			showEnvVarsInLog = 0;
		};
		D6C0F60F3BC69B9CFE1BB6A9 /* [CP] Check Pods Manifest.lock */ = {
			isa = PBXShellScriptBuildPhase;
			buildActionMask = 2147483647;
			files = (
			);
			inputFileListPaths = (
			);
			inputPaths = (
				"${PODS_PODFILE_DIR_PATH}/Podfile.lock",
				"${PODS_ROOT}/Manifest.lock",
			);
			name = "[CP] Check Pods Manifest.lock";
			outputFileListPaths = (
			);
			outputPaths = (
				"$(DERIVED_FILE_DIR)/Pods-Test Project-checkManifestLockResult.txt",
			);
			runOnlyForDeploymentPostprocessing = 0;
			shellPath = /bin/sh;
			shellScript = "diff \"${PODS_PODFILE_DIR_PATH}/Podfile.lock\" \"${PODS_ROOT}/Manifest.lock\" > /dev/null\nif [ $? != 0 ] ; then\n    # print error to STDERR\n    echo \"error: The sandbox is not in sync with the Podfile.lock. Run 'pod install' or update your CocoaPods installation.\" >&2\n    exit 1\nfi\n# This output is used by Xcode 'outputs' to avoid re-running this script phase.\necho \"SUCCESS\" > \"${SCRIPT_OUTPUT_FILE_0}\"\n";
			showEnvVarsInLog = 0;
		};
/* End PBXShellScriptBuildPhase section */

/* Begin PBXSourcesBuildPhase section */
		6109CE7E264F68720068681A /* Sources */ = {
			isa = PBXSourcesBuildPhase;
			buildActionMask = 2147483647;
			files = (
				6109CE8A264F68720068681A /* ViewController.swift in Sources */,
				6109CE86264F68720068681A /* AppDelegate.swift in Sources */,
				6109CE88264F68720068681A /* SceneDelegate.swift in Sources */,
			);
			runOnlyForDeploymentPostprocessing = 0;
		};
/* End PBXSourcesBuildPhase section */

/* Begin PBXVariantGroup section */
		6109CE8B264F68720068681A /* Main.storyboard */ = {
			isa = PBXVariantGroup;
			children = (
				6109CE8C264F68720068681A /* Base */,
			);
			name = Main.storyboard;
			sourceTree = "<group>";
		};
		6109CE90264F68730068681A /* LaunchScreen.storyboard */ = {
			isa = PBXVariantGroup;
			children = (
				6109CE91264F68730068681A /* Base */,
			);
			name = LaunchScreen.storyboard;
			sourceTree = "<group>";
		};
/* End PBXVariantGroup section */

/* Begin XCBuildConfiguration section */
		6109CE94264F68730068681A /* Debug */ = {
			isa = XCBuildConfiguration;
			buildSettings = {
				ALWAYS_SEARCH_USER_PATHS = NO;
				CLANG_ANALYZER_NONNULL = YES;
				CLANG_ANALYZER_NUMBER_OBJECT_CONVERSION = YES_AGGRESSIVE;
				CLANG_CXX_LANGUAGE_STANDARD = "gnu++14";
				CLANG_CXX_LIBRARY = "libc++";
				CLANG_ENABLE_MODULES = YES;
				CLANG_ENABLE_OBJC_ARC = YES;
				CLANG_ENABLE_OBJC_WEAK = YES;
				CLANG_WARN_BLOCK_CAPTURE_AUTORELEASING = YES;
				CLANG_WARN_BOOL_CONVERSION = YES;
				CLANG_WARN_COMMA = YES;
				CLANG_WARN_CONSTANT_CONVERSION = YES;
				CLANG_WARN_DEPRECATED_OBJC_IMPLEMENTATIONS = YES;
				CLANG_WARN_DIRECT_OBJC_ISA_USAGE = YES_ERROR;
				CLANG_WARN_DOCUMENTATION_COMMENTS = YES;
				CLANG_WARN_EMPTY_BODY = YES;
				CLANG_WARN_ENUM_CONVERSION = YES;
				CLANG_WARN_INFINITE_RECURSION = YES;
				CLANG_WARN_INT_CONVERSION = YES;
				CLANG_WARN_NON_LITERAL_NULL_CONVERSION = YES;
				CLANG_WARN_OBJC_IMPLICIT_RETAIN_SELF = YES;
				CLANG_WARN_OBJC_LITERAL_CONVERSION = YES;
				CLANG_WARN_OBJC_ROOT_CLASS = YES_ERROR;
				CLANG_WARN_QUOTED_INCLUDE_IN_FRAMEWORK_HEADER = YES;
				CLANG_WARN_RANGE_LOOP_ANALYSIS = YES;
				CLANG_WARN_STRICT_PROTOTYPES = YES;
				CLANG_WARN_SUSPICIOUS_MOVE = YES;
				CLANG_WARN_UNGUARDED_AVAILABILITY = YES_AGGRESSIVE;
				CLANG_WARN_UNREACHABLE_CODE = YES;
				CLANG_WARN__DUPLICATE_METHOD_MATCH = YES;
				COPY_PHASE_STRIP = NO;
				DEBUG_INFORMATION_FORMAT = dwarf;
				ENABLE_STRICT_OBJC_MSGSEND = YES;
				ENABLE_TESTABILITY = YES;
				GCC_C_LANGUAGE_STANDARD = gnu11;
				GCC_DYNAMIC_NO_PIC = NO;
				GCC_NO_COMMON_BLOCKS = YES;
				GCC_OPTIMIZATION_LEVEL = 0;
				GCC_PREPROCESSOR_DEFINITIONS = (
					"DEBUG=1",
					"$(inherited)",
				);
				GCC_WARN_64_TO_32_BIT_CONVERSION = YES;
				GCC_WARN_ABOUT_RETURN_TYPE = YES_ERROR;
				GCC_WARN_UNDECLARED_SELECTOR = YES;
				GCC_WARN_UNINITIALIZED_AUTOS = YES_AGGRESSIVE;
				GCC_WARN_UNUSED_FUNCTION = YES;
				GCC_WARN_UNUSED_VARIABLE = YES;
				IPHONEOS_DEPLOYMENT_TARGET = 14.5;
				MTL_ENABLE_DEBUG_INFO = INCLUDE_SOURCE;
				MTL_FAST_MATH = YES;
				ONLY_ACTIVE_ARCH = YES;
				SDKROOT = iphoneos;
				SWIFT_ACTIVE_COMPILATION_CONDITIONS = DEBUG;
				SWIFT_OPTIMIZATION_LEVEL = "-Onone";
			};
			name = Debug;
		};
		6109CE95264F68730068681A /* Release */ = {
			isa = XCBuildConfiguration;
			buildSettings = {
				ALWAYS_SEARCH_USER_PATHS = NO;
				CLANG_ANALYZER_NONNULL = YES;
				CLANG_ANALYZER_NUMBER_OBJECT_CONVERSION = YES_AGGRESSIVE;
				CLANG_CXX_LANGUAGE_STANDARD = "gnu++14";
				CLANG_CXX_LIBRARY = "libc++";
				CLANG_ENABLE_MODULES = YES;
				CLANG_ENABLE_OBJC_ARC = YES;
				CLANG_ENABLE_OBJC_WEAK = YES;
				CLANG_WARN_BLOCK_CAPTURE_AUTORELEASING = YES;
				CLANG_WARN_BOOL_CONVERSION = YES;
				CLANG_WARN_COMMA = YES;
				CLANG_WARN_CONSTANT_CONVERSION = YES;
				CLANG_WARN_DEPRECATED_OBJC_IMPLEMENTATIONS = YES;
				CLANG_WARN_DIRECT_OBJC_ISA_USAGE = YES_ERROR;
				CLANG_WARN_DOCUMENTATION_COMMENTS = YES;
				CLANG_WARN_EMPTY_BODY = YES;
				CLANG_WARN_ENUM_CONVERSION = YES;
				CLANG_WARN_INFINITE_RECURSION = YES;
				CLANG_WARN_INT_CONVERSION = YES;
				CLANG_WARN_NON_LITERAL_NULL_CONVERSION = YES;
				CLANG_WARN_OBJC_IMPLICIT_RETAIN_SELF = YES;
				CLANG_WARN_OBJC_LITERAL_CONVERSION = YES;
				CLANG_WARN_OBJC_ROOT_CLASS = YES_ERROR;
				CLANG_WARN_QUOTED_INCLUDE_IN_FRAMEWORK_HEADER = YES;
				CLANG_WARN_RANGE_LOOP_ANALYSIS = YES;
				CLANG_WARN_STRICT_PROTOTYPES = YES;
				CLANG_WARN_SUSPICIOUS_MOVE = YES;
				CLANG_WARN_UNGUARDED_AVAILABILITY = YES_AGGRESSIVE;
				CLANG_WARN_UNREACHABLE_CODE = YES;
				CLANG_WARN__DUPLICATE_METHOD_MATCH = YES;
				COPY_PHASE_STRIP = NO;
				DEBUG_INFORMATION_FORMAT = "dwarf-with-dsym";
				ENABLE_NS_ASSERTIONS = NO;
				ENABLE_STRICT_OBJC_MSGSEND = YES;
				GCC_C_LANGUAGE_STANDARD = gnu11;
				GCC_NO_COMMON_BLOCKS = YES;
				GCC_WARN_64_TO_32_BIT_CONVERSION = YES;
				GCC_WARN_ABOUT_RETURN_TYPE = YES_ERROR;
				GCC_WARN_UNDECLARED_SELECTOR = YES;
				GCC_WARN_UNINITIALIZED_AUTOS = YES_AGGRESSIVE;
				GCC_WARN_UNUSED_FUNCTION = YES;
				GCC_WARN_UNUSED_VARIABLE = YES;
				IPHONEOS_DEPLOYMENT_TARGET = 14.5;
				MTL_ENABLE_DEBUG_INFO = NO;
				MTL_FAST_MATH = YES;
				SDKROOT = iphoneos;
				SWIFT_COMPILATION_MODE = wholemodule;
				SWIFT_OPTIMIZATION_LEVEL = "-O";
				VALIDATE_PRODUCT = YES;
			};
			name = Release;
		};
		6109CE97264F68730068681A /* Debug */ = {
			isa = XCBuildConfiguration;
			baseConfigurationReference = A83884AF305EA1F73CDB69AB /* Pods-Test Project.debug.xcconfig */;
			buildSettings = {
				ASSETCATALOG_COMPILER_APPICON_NAME = AppIcon;
				ASSETCATALOG_COMPILER_GLOBAL_ACCENT_COLOR_NAME = AccentColor;
				CODE_SIGN_STYLE = Automatic;
				DEVELOPMENT_TEAM = D9NQB54823;
				INFOPLIST_FILE = "Test Project/Info.plist";
				LD_RUNPATH_SEARCH_PATHS = (
					"$(inherited)",
					"@executable_path/Frameworks",
				);
				PRODUCT_BUNDLE_IDENTIFIER = "co.invitee.Test-Project";
				PRODUCT_NAME = "$(TARGET_NAME)";
				SWIFT_VERSION = 5.0;
				TARGETED_DEVICE_FAMILY = "1,2";
			};
			name = Debug;
		};
		6109CE98264F68730068681A /* Release */ = {
			isa = XCBuildConfiguration;
			baseConfigurationReference = E5F3D3CDF3D6ED1D78564BB9 /* Pods-Test Project.release.xcconfig */;
			buildSettings = {
				ASSETCATALOG_COMPILER_APPICON_NAME = AppIcon;
				ASSETCATALOG_COMPILER_GLOBAL_ACCENT_COLOR_NAME = AccentColor;
				CODE_SIGN_STYLE = Automatic;
				DEVELOPMENT_TEAM = D9NQB54823;
				GCC_OPTIMIZATION_LEVEL = s;
				INFOPLIST_FILE = "Test Project/Info.plist";
				LD_RUNPATH_SEARCH_PATHS = (
					"$(inherited)",
					"@executable_path/Frameworks",
				);
				PRODUCT_BUNDLE_IDENTIFIER = "co.invitee.Test-Project";
				PRODUCT_NAME = "$(TARGET_NAME)";
				SWIFT_VERSION = 5.0;
				TARGETED_DEVICE_FAMILY = "1,2";
			};
			name = Release;
		};
/* End XCBuildConfiguration section */

/* Begin XCConfigurationList section */
		6109CE7D264F68720068681A /* Build configuration list for PBXProject "Test Project" */ = {
			isa = XCConfigurationList;
			buildConfigurations = (
				6109CE94264F68730068681A /* Debug */,
				6109CE95264F68730068681A /* Release */,
			);
			defaultConfigurationIsVisible = 0;
			defaultConfigurationName = Release;
		};
		6109CE96264F68730068681A /* Build configuration list for PBXNativeTarget "Test Project" */ = {
			isa = XCConfigurationList;
			buildConfigurations = (
				6109CE97264F68730068681A /* Debug */,
				6109CE98264F68730068681A /* Release */,
			);
			defaultConfigurationIsVisible = 0;
			defaultConfigurationName = Release;
		};
/* End XCConfigurationList section */
	};
	rootObject = 6109CE7A264F68720068681A /* Project object */;
}
